{
  "requires": true,
  "lockfileVersion": 1,
  "dependencies": {
    "@souche-ui/oss-image": {
      "version": "0.5.1",
      "resolved": "http://registry.npm.souche-inc.com/@souche-ui/oss-image/download/@souche-ui/oss-image-0.5.1.tgz",
      "integrity": "sha1-Y882icw5LsDKJq388Bny79Rx0Wo=",
      "requires": {
        "is-empty": "^1.2.0",
        "object-assign": "^4.1.1",
        "object.omit": "^2.0.1",
        "vue-lazyload": "^1.0.4"
      }
    },
    "axios": {
      "version": "0.18.0",
      "resolved": "http://registry.npm.souche-inc.com/axios/download/axios-0.18.0.tgz",
      "integrity": "sha1-MtU+SFHv3AoRmTts0AB4nXDAUQI=",
      "requires": {
        "follow-redirects": "^1.3.0",
        "is-buffer": "^1.1.5"
      }
    },
    "debug": {
      "version": "3.1.0",
      "resolved": "http://registry.npm.souche-inc.com/debug/download/debug-3.1.0.tgz",
      "integrity": "sha1-W7WgZyYotkFJVmuhaBnmFRjGcmE=",
      "requires": {
        "ms": "2.0.0"
      }
    },
    "exif-js": {
      "version": "2.3.0",
      "resolved": "http://registry.npm.souche-inc.com/exif-js/download/exif-js-2.3.0.tgz",
      "integrity": "sha1-nRCBm/Vx+HOBPnZAJBJVq5zhqBQ="
    },
    "follow-redirects": {
      "version": "1.6.0",
      "resolved": "http://registry.npm.souche-inc.com/follow-redirects/download/follow-redirects-1.6.0.tgz",
      "integrity": "sha1-0SRSwDHoxn62Y32GG/x6gJAWeTM=",
      "requires": {
        "debug": "=3.1.0"
      }
    },
    "for-in": {
      "version": "1.0.2",
      "resolved": "http://registry.npm.souche-inc.com/for-in/download/for-in-1.0.2.tgz",
      "integrity": "sha1-gQaNKVqBQuwKxybG4iAMMPttXoA="
    },
    "for-own": {
      "version": "0.1.5",
      "resolved": "http://registry.npm.souche-inc.com/for-own/download/for-own-0.1.5.tgz",
      "integrity": "sha1-UmXGgaTylNq78XyVCbZ2OqhFEM4=",
      "requires": {
        "for-in": "^1.0.1"
      }
    },
    "is-buffer": {
      "version": "1.1.6",
      "resolved": "http://registry.npm.souche-inc.com/is-buffer/download/is-buffer-1.1.6.tgz",
      "integrity": "sha1-76ouqdqg16suoTqXsritUf776L4="
    },
    "is-empty": {
      "version": "1.2.0",
      "resolved": "http://registry.npm.souche-inc.com/is-empty/download/is-empty-1.2.0.tgz",
      "integrity": "sha1-3pu1snhzigWgsJpX4ftNSjQan2s="
    },
    "is-extendable": {
      "version": "0.1.1",
      "resolved": "http://registry.npm.souche-inc.com/is-extendable/download/is-extendable-0.1.1.tgz",
      "integrity": "sha1-YrEQ4omkcUGOPsNqYX1HLjAd/Ik="
    },
    "ms": {
      "version": "2.0.0",
      "resolved": "http://registry.npm.souche-inc.com/ms/download/ms-2.0.0.tgz",
      "integrity": "sha1-VgiurfwAvmwpAd9fmGF4jeDVl8g="
    },
    "object-assign": {
      "version": "4.1.1",
      "resolved": "http://registry.npm.souche-inc.com/object-assign/download/object-assign-4.1.1.tgz",
      "integrity": "sha1-IQmtx5ZYh8/AXLvUQsrIv7s2CGM="
    },
    "object.omit": {
      "version": "2.0.1",
      "resolved": "http://registry.npm.souche-inc.com/object.omit/download/object.omit-2.0.1.tgz",
      "integrity": "sha1-Gpx0SCnznbuFjHbKNXmuKlTr0fo=",
      "requires": {
        "for-own": "^0.1.4",
        "is-extendable": "^0.1.1"
      }
    },
    "vue-lazyload": {
      "version": "1.3.3",
      "resolved": "http://registry.npm.souche-inc.com/vue-lazyload/download/vue-lazyload-1.3.3.tgz",
      "integrity": "sha1-TfUKJxvem3TDyveiKNbgr1DVaC8="
    }
  }
}
